
Microsoft Visual Studio Solution File, Format Version 12.00
# Visual Studio Version 17
VisualStudioVersion = 17.8.34330.188
MinimumVisualStudioVersion = 10.0.40219.1
Project("{9A19103F-16F7-4668-BE54-9A1E7A4F7556}") = "WebSystem.Shared", "WebSystem.Shared\WebSystem.Shared.csproj", "{9CC4B072-ADFC-40BF-9BD1-41D2F9CAD0BC}"
EndProject
Project("{9A19103F-16F7-4668-BE54-9A1E7A4F7556}") = "WebSystem.API", "WebSystem.API\WebSystem.API.csproj", "{AEAA2F7D-043D-42DE-A6AD-3A438990CE36}"
EndProject
Project("{9A19103F-16F7-4668-BE54-9A1E7A4F7556}") = "WebSystem.WEB", "WebSystem.WEB\WebSystem.WEB.csproj", "{550AD0C1-B110-4344-A4B9-1DBAA725E298}"
EndProject
Global
	GlobalSection(SolutionConfigurationPlatforms) = preSolution
		Debug|Any CPU = Debug|Any CPU
		Release|Any CPU = Release|Any CPU
	EndGlobalSection
	GlobalSection(ProjectConfigurationPlatforms) = postSolution
		{9CC4B072-ADFC-40BF-9BD1-41D2F9CAD0BC}.Debug|Any CPU.ActiveCfg = Debug|Any CPU
		{9CC4B072-ADFC-40BF-9BD1-41D2F9CAD0BC}.Debug|Any CPU.Build.0 = Debug|Any CPU
		{9CC4B072-ADFC-40BF-9BD1-41D2F9CAD0BC}.Release|Any CPU.ActiveCfg = Release|Any CPU
		{9CC4B072-ADFC-40BF-9BD1-41D2F9CAD0BC}.Release|Any CPU.Build.0 = Release|Any CPU
		{AEAA2F7D-043D-42DE-A6AD-3A438990CE36}.Debug|Any CPU.ActiveCfg = Debug|Any CPU
		{AEAA2F7D-043D-42DE-A6AD-3A438990CE36}.Debug|Any CPU.Build.0 = Debug|Any CPU
		{AEAA2F7D-043D-42DE-A6AD-3A438990CE36}.Release|Any CPU.ActiveCfg = Release|Any CPU
		{AEAA2F7D-043D-42DE-A6AD-3A438990CE36}.Release|Any CPU.Build.0 = Release|Any CPU
		{550AD0C1-B110-4344-A4B9-1DBAA725E298}.Debug|Any CPU.ActiveCfg = Debug|Any CPU
		{550AD0C1-B110-4344-A4B9-1DBAA725E298}.Debug|Any CPU.Build.0 = Debug|Any CPU
		{550AD0C1-B110-4344-A4B9-1DBAA725E298}.Release|Any CPU.ActiveCfg = Release|Any CPU
		{550AD0C1-B110-4344-A4B9-1DBAA725E298}.Release|Any CPU.Build.0 = Release|Any CPU
	EndGlobalSection
	GlobalSection(SolutionProperties) = preSolution
		HideSolutionNode = FALSE
	EndGlobalSection
	GlobalSection(ExtensibilityGlobals) = postSolution
		SolutionGuid = {2102A62B-B920-4D53-ACE1-6175EBF001AD}
	EndGlobalSection
EndGlobal
